<?xml version="1.0" encoding="utf-8"?>
<Project ToolsVersion="4.0" xmlns="http://schemas.microsoft.com/developer/msbuild/2003">
  <ItemGroup>
    <Filter Include="소스 파일">
      <UniqueIdentifier>{4FC737F1-C7A5-4376-A066-2A32D752A2FF}</UniqueIdentifier>
      <Extensions>cpp;c;cc;cxx;def;odl;idl;hpj;bat;asm;asmx</Extensions>
    </Filter>
    <Filter Include="헤더 파일">
      <UniqueIdentifier>{93995380-89BD-4b04-88EB-625FBE52EBFB}</UniqueIdentifier>
      <Extensions>h;hh;hpp;hxx;hm;inl;inc;ipp;xsd</Extensions>
    </Filter>
    <Filter Include="리소스 파일">
      <UniqueIdentifier>{67DA6AB6-F800-4c08-8B7A-83BB121AAD01}</UniqueIdentifier>
      <Extensions>rc;ico;cur;bmp;dlg;rc2;rct;bin;rgs;gif;jpg;jpeg;jpe;resx;tiff;tif;png;wav;mfcribbon-ms</Extensions>
    </Filter>
    <Filter Include="소스 파일\BaekJoon">
      <UniqueIdentifier>{5ce0d0e3-a553-454e-b30c-47bbe4c17136}</UniqueIdentifier>
    </Filter>
    <Filter Include="소스 파일\Programmers">
      <UniqueIdentifier>{e1ece3c9-c3bc-418e-9814-189b33cac48d}</UniqueIdentifier>
    </Filter>
  </ItemGroup>
  <ItemGroup>
    <ClInclude Include="header.h">
      <Filter>헤더 파일</Filter>
    </ClInclude>
    <ClInclude Include="baekjoon.h">
      <Filter>헤더 파일</Filter>
    </ClInclude>
    <ClInclude Include="programmers.h">
      <Filter>헤더 파일</Filter>
    </ClInclude>
  </ItemGroup>
  <ItemGroup>
    <ClCompile Include="main.cpp">
      <Filter>소스 파일</Filter>
    </ClCompile>
    <ClCompile Include="셀프넘버_4673.cpp">
      <Filter>소스 파일\BaekJoon</Filter>
    </ClCompile>
    <ClCompile Include="Lv1_추억점수.cpp">
      <Filter>소스 파일\Programmers</Filter>
    </ClCompile>
    <ClCompile Include="Lv1_공원산책.cpp">
      <Filter>소스 파일\Programmers</Filter>
    </ClCompile>
    <ClCompile Include="Lv1_바탕화면정리.cpp">
      <Filter>소스 파일\Programmers</Filter>
    </ClCompile>
    <ClCompile Include="Lv1_덧칠하기.cpp">
      <Filter>소스 파일\Programmers</Filter>
    </ClCompile>
  </ItemGroup>
</Project>